
Microsoft Visual Studio Solution File, Format Version 12.00
# Visual Studio Version 16
VisualStudioVersion = 16.0.810.8
MinimumVisualStudioVersion = 10.0.40219.1
Project("{FAE04EC0-301F-11D3-BF4B-00C04F79EFBC}") = "Part1_Basic", "CS_PracticalQuestions\Part1_Basic.csproj", "{16A7E2C8-CD93-47B7-AD75-F4E41F630CBF}"
EndProject
Global
	GlobalSection(SolutionConfigurationPlatforms) = preSolution
		Debug|anycpu = Debug|anycpu
		Release|anycpu = Release|anycpu
	EndGlobalSection
	GlobalSection(ProjectConfigurationPlatforms) = postSolution
		{16A7E2C8-CD93-47B7-AD75-F4E41F630CBF}.Debug|anycpu.ActiveCfg = Debug|anycpu
		{16A7E2C8-CD93-47B7-AD75-F4E41F630CBF}.Debug|anycpu.Build.0 = Debug|anycpu
		{16A7E2C8-CD93-47B7-AD75-F4E41F630CBF}.Release|anycpu.ActiveCfg = Release|anycpu
		{16A7E2C8-CD93-47B7-AD75-F4E41F630CBF}.Release|anycpu.Build.0 = Release|anycpu
	EndGlobalSection
	GlobalSection(SolutionProperties) = preSolution
		HideSolutionNode = FALSE
	EndGlobalSection
	GlobalSection(ExtensibilityGlobals) = postSolution
		SolutionGuid = {0F1B9FC2-6230-43FF-9A3E-67FA64012029}
	EndGlobalSection
EndGlobal
